
Microsoft Visual Studio Solution File, Format Version 12.00
# Visual Studio Version 17
VisualStudioVersion = 17.13.35828.75
MinimumVisualStudioVersion = 10.0.40219.1
Project("{FAE04EC0-301F-11D3-BF4B-00C04F79EFBC}") = "HashGeneratorTool", "HashGeneratorTool\HashGeneratorTool.csproj", "{F774E8FB-2E5D-4AD2-B368-254539DE087C}"
EndProject
Global
	GlobalSection(SolutionConfigurationPlatforms) = preSolution
		Debug|Any CPU = Debug|Any CPU
		Debug|x64 = Debug|x64
		Release|Any CPU = Release|Any CPU
		Release|x64 = Release|x64
	EndGlobalSection
	GlobalSection(ProjectConfigurationPlatforms) = postSolution
		{F774E8FB-2E5D-4AD2-B368-254539DE087C}.Debug|Any CPU.ActiveCfg = Debug|Any CPU
		{F774E8FB-2E5D-4AD2-B368-254539DE087C}.Debug|Any CPU.Build.0 = Debug|Any CPU
		{F774E8FB-2E5D-4AD2-B368-254539DE087C}.Debug|x64.ActiveCfg = Debug|x64
		{F774E8FB-2E5D-4AD2-B368-254539DE087C}.Debug|x64.Build.0 = Debug|x64
		{F774E8FB-2E5D-4AD2-B368-254539DE087C}.Release|Any CPU.ActiveCfg = Release|Any CPU
		{F774E8FB-2E5D-4AD2-B368-254539DE087C}.Release|Any CPU.Build.0 = Release|Any CPU
		{F774E8FB-2E5D-4AD2-B368-254539DE087C}.Release|x64.ActiveCfg = Release|x64
		{F774E8FB-2E5D-4AD2-B368-254539DE087C}.Release|x64.Build.0 = Release|x64
	EndGlobalSection
	GlobalSection(SolutionProperties) = preSolution
		HideSolutionNode = FALSE
	EndGlobalSection
	GlobalSection(ExtensibilityGlobals) = postSolution
		SolutionGuid = {9B1681E5-708D-4149-B406-A1545501095D}
	EndGlobalSection
EndGlobal
